
Microsoft Visual Studio Solution File, Format Version 12.00
# Visual Studio Version 17
VisualStudioVersion = 17.2.32526.322
MinimumVisualStudioVersion = 10.0.40219.1
Project("{FAE04EC0-301F-11D3-BF4B-00C04F79EFBC}") = "Iterator", "Iterator.csproj", "{5D4C3934-DE43-434C-8786-DE2F72EE6E4E}"
EndProject
Global
	GlobalSection(SolutionConfigurationPlatforms) = preSolution
		Debug|Any CPU = Debug|Any CPU
		Release|Any CPU = Release|Any CPU
	EndGlobalSection
	GlobalSection(ProjectConfigurationPlatforms) = postSolution
		{5D4C3934-DE43-434C-8786-DE2F72EE6E4E}.Debug|Any CPU.ActiveCfg = Debug|Any CPU
		{5D4C3934-DE43-434C-8786-DE2F72EE6E4E}.Debug|Any CPU.Build.0 = Debug|Any CPU
		{5D4C3934-DE43-434C-8786-DE2F72EE6E4E}.Release|Any CPU.ActiveCfg = Release|Any CPU
		{5D4C3934-DE43-434C-8786-DE2F72EE6E4E}.Release|Any CPU.Build.0 = Release|Any CPU
	EndGlobalSection
	GlobalSection(SolutionProperties) = preSolution
		HideSolutionNode = FALSE
	EndGlobalSection
	GlobalSection(ExtensibilityGlobals) = postSolution
		SolutionGuid = {AA80DB37-5AD0-49EE-A1C7-50DC02F0CD57}
	EndGlobalSection
EndGlobal
