
Microsoft Visual Studio Solution File, Format Version 12.00
# Visual Studio Version 17
VisualStudioVersion = 17.8.34330.188
MinimumVisualStudioVersion = 10.0.40219.1
Project("{FAE04EC0-301F-11D3-BF4B-00C04F79EFBC}") = "ThreadPool", "ThreadPool.csproj", "{F20D8771-5C2D-4476-AFE5-55BEA5CAA940}"
EndProject
Global
	GlobalSection(SolutionConfigurationPlatforms) = preSolution
		Debug|Any CPU = Debug|Any CPU
		Release|Any CPU = Release|Any CPU
	EndGlobalSection
	GlobalSection(ProjectConfigurationPlatforms) = postSolution
		{F20D8771-5C2D-4476-AFE5-55BEA5CAA940}.Debug|Any CPU.ActiveCfg = Debug|Any CPU
		{F20D8771-5C2D-4476-AFE5-55BEA5CAA940}.Debug|Any CPU.Build.0 = Debug|Any CPU
		{F20D8771-5C2D-4476-AFE5-55BEA5CAA940}.Release|Any CPU.ActiveCfg = Release|Any CPU
		{F20D8771-5C2D-4476-AFE5-55BEA5CAA940}.Release|Any CPU.Build.0 = Release|Any CPU
	EndGlobalSection
	GlobalSection(SolutionProperties) = preSolution
		HideSolutionNode = FALSE
	EndGlobalSection
	GlobalSection(ExtensibilityGlobals) = postSolution
		SolutionGuid = {6B472B75-B78C-427E-B7CE-BBF6E14D4B70}
	EndGlobalSection
EndGlobal
