
Microsoft Visual Studio Solution File, Format Version 12.00
# Visual Studio Version 17
VisualStudioVersion = 17.8.34330.188
MinimumVisualStudioVersion = 10.0.40219.1
Project("{FAE04EC0-301F-11D3-BF4B-00C04F79EFBC}") = "GeometryObservable", "GeometryObservable.csproj", "{3E03B0EB-34FA-4CD1-BA59-F182977F6737}"
EndProject
Global
	GlobalSection(SolutionConfigurationPlatforms) = preSolution
		Debug|Any CPU = Debug|Any CPU
		Release|Any CPU = Release|Any CPU
	EndGlobalSection
	GlobalSection(ProjectConfigurationPlatforms) = postSolution
		{3E03B0EB-34FA-4CD1-BA59-F182977F6737}.Debug|Any CPU.ActiveCfg = Debug|Any CPU
		{3E03B0EB-34FA-4CD1-BA59-F182977F6737}.Debug|Any CPU.Build.0 = Debug|Any CPU
		{3E03B0EB-34FA-4CD1-BA59-F182977F6737}.Release|Any CPU.ActiveCfg = Release|Any CPU
		{3E03B0EB-34FA-4CD1-BA59-F182977F6737}.Release|Any CPU.Build.0 = Release|Any CPU
	EndGlobalSection
	GlobalSection(SolutionProperties) = preSolution
		HideSolutionNode = FALSE
	EndGlobalSection
	GlobalSection(ExtensibilityGlobals) = postSolution
		SolutionGuid = {8E86B543-8CD9-4AF1-8EAB-54D882C4BEB4}
	EndGlobalSection
EndGlobal
